
Microsoft Visual Studio Solution File, Format Version 12.00
# Visual Studio Version 17
VisualStudioVersion = 17.14.36121.58
MinimumVisualStudioVersion = 10.0.40219.1
Project("{FAE04EC0-301F-11D3-BF4B-00C04F79EFBC}") = "DVLD", "DVLD\DVLD.csproj", "{5B6DD352-04DE-4107-A1DF-7E34F67B7939}"
EndProject
Project("{FAE04EC0-301F-11D3-BF4B-00C04F79EFBC}") = "DataBusinessLayer", "DataBusinessLayer\DataBusinessLayer.csproj", "{1514BEE9-2C6F-46AF-A535-0EAFFCDEB4B9}"
EndProject
Project("{FAE04EC0-301F-11D3-BF4B-00C04F79EFBC}") = "DataAccessLayer", "DataAccessLayer\DataAccessLayer.csproj", "{63A59C8C-3A0D-4D77-AFF8-B44A0C640250}"
EndProject
Global
	GlobalSection(SolutionConfigurationPlatforms) = preSolution
		Debug|Any CPU = Debug|Any CPU
		Release|Any CPU = Release|Any CPU
	EndGlobalSection
	GlobalSection(ProjectConfigurationPlatforms) = postSolution
		{5B6DD352-04DE-4107-A1DF-7E34F67B7939}.Debug|Any CPU.ActiveCfg = Debug|Any CPU
		{5B6DD352-04DE-4107-A1DF-7E34F67B7939}.Debug|Any CPU.Build.0 = Debug|Any CPU
		{5B6DD352-04DE-4107-A1DF-7E34F67B7939}.Release|Any CPU.ActiveCfg = Release|Any CPU
		{5B6DD352-04DE-4107-A1DF-7E34F67B7939}.Release|Any CPU.Build.0 = Release|Any CPU
		{1514BEE9-2C6F-46AF-A535-0EAFFCDEB4B9}.Debug|Any CPU.ActiveCfg = Debug|Any CPU
		{1514BEE9-2C6F-46AF-A535-0EAFFCDEB4B9}.Debug|Any CPU.Build.0 = Debug|Any CPU
		{1514BEE9-2C6F-46AF-A535-0EAFFCDEB4B9}.Release|Any CPU.ActiveCfg = Release|Any CPU
		{1514BEE9-2C6F-46AF-A535-0EAFFCDEB4B9}.Release|Any CPU.Build.0 = Release|Any CPU
		{63A59C8C-3A0D-4D77-AFF8-B44A0C640250}.Debug|Any CPU.ActiveCfg = Debug|Any CPU
		{63A59C8C-3A0D-4D77-AFF8-B44A0C640250}.Debug|Any CPU.Build.0 = Debug|Any CPU
		{63A59C8C-3A0D-4D77-AFF8-B44A0C640250}.Release|Any CPU.ActiveCfg = Release|Any CPU
		{63A59C8C-3A0D-4D77-AFF8-B44A0C640250}.Release|Any CPU.Build.0 = Release|Any CPU
	EndGlobalSection
	GlobalSection(SolutionProperties) = preSolution
		HideSolutionNode = FALSE
	EndGlobalSection
	GlobalSection(ExtensibilityGlobals) = postSolution
		SolutionGuid = {36BBAEB8-7D04-44E5-B188-778AF7217CAE}
	EndGlobalSection
EndGlobal
